
Microsoft Visual Studio Solution File, Format Version 12.00
# Visual Studio Version 17
VisualStudioVersion = 17.7.34031.279
MinimumVisualStudioVersion = 10.0.40219.1
Project("{FAE04EC0-301F-11D3-BF4B-00C04F79EFBC}") = "Payroll", "Company\Payroll.csproj", "{55032413-152E-4D90-A967-683D488D2897}"
EndProject
Global
	GlobalSection(SolutionConfigurationPlatforms) = preSolution
		Debug|Any CPU = Debug|Any CPU
		Release|Any CPU = Release|Any CPU
	EndGlobalSection
	GlobalSection(ProjectConfigurationPlatforms) = postSolution
		{55032413-152E-4D90-A967-683D488D2897}.Debug|Any CPU.ActiveCfg = Debug|Any CPU
		{55032413-152E-4D90-A967-683D488D2897}.Debug|Any CPU.Build.0 = Debug|Any CPU
		{55032413-152E-4D90-A967-683D488D2897}.Release|Any CPU.ActiveCfg = Release|Any CPU
		{55032413-152E-4D90-A967-683D488D2897}.Release|Any CPU.Build.0 = Release|Any CPU
	EndGlobalSection
	GlobalSection(SolutionProperties) = preSolution
		HideSolutionNode = FALSE
	EndGlobalSection
	GlobalSection(ExtensibilityGlobals) = postSolution
		SolutionGuid = {44408387-7F2B-44A0-98B8-572A9B273C06}
	EndGlobalSection
EndGlobal
